<?xml version="1.0" encoding="utf-8"?>
<Project ToolsVersion="4.0" xmlns="http://schemas.microsoft.com/developer/msbuild/2003">
  <ItemGroup>
    <Filter Include="Source Files">
      <UniqueIdentifier>{4FC737F1-C7A5-4376-A066-2A32D752A2FF}</UniqueIdentifier>
      <Extensions>cpp;c;cc;cxx;def;odl;idl;hpj;bat;asm;asmx</Extensions>
    </Filter>
    <Filter Include="Resource Files">
      <UniqueIdentifier>{67DA6AB6-F800-4c08-8B7A-83BB121AAD01}</UniqueIdentifier>
      <Extensions>rc;ico;cur;bmp;dlg;rc2;rct;bin;rgs;gif;jpg;jpeg;jpe;resx;tiff;tif;png;wav;mfcribbon-ms</Extensions>
    </Filter>
    <Filter Include="DxShell">
      <UniqueIdentifier>{29d39f91-469d-49a4-ba5d-edb583a240e9}</UniqueIdentifier>
    </Filter>
    <Filter Include="DxShell\Header files">
      <UniqueIdentifier>{732ff840-b3e8-4be0-8837-80aa807314fe}</UniqueIdentifier>
    </Filter>
    <Filter Include="GraphicsShell">
      <UniqueIdentifier>{87c7ed16-a8b6-4803-baec-d66f837f6bae}</UniqueIdentifier>
    </Filter>
  </ItemGroup>
  <ItemGroup>
    <ClCompile Include="WinMain.cpp">
      <Filter>Source Files</Filter>
    </ClCompile>
    <ClCompile Include="DxShell\DxInit.cpp">
      <Filter>DxShell</Filter>
    </ClCompile>
    <ClCompile Include="DxShell\DxUtils.cpp">
      <Filter>DxShell</Filter>
    </ClCompile>
    <ClCompile Include="DxShell\DxBuffer.cpp">
      <Filter>DxShell</Filter>
    </ClCompile>
    <ClCompile Include="DxShell\DxShader.cpp">
      <Filter>DxShell</Filter>
    </ClCompile>
    <ClCompile Include="DxShell\DxRender.cpp">
      <Filter>DxShell</Filter>
    </ClCompile>
    <ClCompile Include="GraphicsShell\GraphicsShell.cpp">
      <Filter>GraphicsShell</Filter>
    </ClCompile>
    <ClCompile Include="DxShell\DxTexture.cpp">
      <Filter>DxShell</Filter>
    </ClCompile>
  </ItemGroup>
  <ItemGroup>
    <ClInclude Include="DxShell\DxShell.h">
      <Filter>DxShell\Header files</Filter>
    </ClInclude>
    <ClInclude Include="DxShell\DxBuffer.h">
      <Filter>DxShell\Header files</Filter>
    </ClInclude>
    <ClInclude Include="DxShell\DxInclude.h">
      <Filter>DxShell\Header files</Filter>
    </ClInclude>
    <ClInclude Include="DxShell\DxVertex.h">
      <Filter>DxShell\Header files</Filter>
    </ClInclude>
    <ClInclude Include="DxShell\DxShader.h">
      <Filter>DxShell\Header files</Filter>
    </ClInclude>
    <ClInclude Include="GraphicsShell\GraphicsShell.h">
      <Filter>GraphicsShell</Filter>
    </ClInclude>
    <ClInclude Include="GraphicsShell\dds.h">
      <Filter>GraphicsShell</Filter>
    </ClInclude>
    <ClInclude Include="DxShell\DxTexture.h">
      <Filter>DxShell\Header files</Filter>
    </ClInclude>
  </ItemGroup>
</Project>